{
  "name": "blog",
  "version": "1.0.0",
  "lockfileVersion": 2,
  "requires": true,
  "packages": {
    "": {
      "name": "blog",
      "version": "1.0.0",
      "license": "MIT",
      "dependencies": {
        "highlight.js": "^11.3.1",
        "html-generator": "github:adrian154/html-generator",
        "katex": "^0.15.1",
        "marked": "^4.0.8"
      }
    },
    "node_modules/commander": {
      "version": "8.3.0",
      "resolved": "https://registry.npmjs.org/commander/-/commander-8.3.0.tgz",
      "integrity": "sha512-OkTL9umf+He2DZkUq8f8J9of7yL6RJKI24dVITBmNfZBmri9zYZQrKkuXiKhyfPSu8tUhnVBB1iKXevvnlR4Ww==",
      "engines": {
        "node": ">= 12"
      }
    },
    "node_modules/highlight.js": {
      "version": "11.5.1",
      "resolved": "https://registry.npmjs.org/highlight.js/-/highlight.js-11.5.1.tgz",
      "integrity": "sha512-LKzHqnxr4CrD2YsNoIf/o5nJ09j4yi/GcH5BnYz9UnVpZdS4ucMgvP61TDty5xJcFGRjnH4DpujkS9bHT3hq0Q==",
      "engines": {
        "node": ">=12.0.0"
      }
    },
    "node_modules/html-generator": {
      "version": "1.0.0",
      "resolved": "git+ssh://git@github.com/adrian154/html-generator.git#5ead05b0b8e5b1e70a6da552146f8425216a2550",
      "license": "MIT"
    },
    "node_modules/katex": {
      "version": "0.15.3",
      "resolved": "https://registry.npmjs.org/katex/-/katex-0.15.3.tgz",
      "integrity": "sha512-Al6V7RJsmjklT9QItyHWGaQCt+NYTle1bZwB1e9MR/tLoIT1MXaHy9UpfGSB7eaqDgjjqqRxQOaQGrALCrEyBQ==",
      "funding": [
        "https://opencollective.com/katex",
        "https://github.com/sponsors/katex"
      ],
      "dependencies": {
        "commander": "^8.0.0"
      },
      "bin": {
        "katex": "cli.js"
      }
    },
    "node_modules/marked": {
      "version": "4.0.14",
      "resolved": "https://registry.npmjs.org/marked/-/marked-4.0.14.tgz",
      "integrity": "sha512-HL5sSPE/LP6U9qKgngIIPTthuxC0jrfxpYMZ3LdGDD3vTnLs59m2Z7r6+LNDR3ToqEQdkKd6YaaEfJhodJmijQ==",
      "bin": {
        "marked": "bin/marked.js"
      },
      "engines": {
        "node": ">= 12"
      }
    }
  },
  "dependencies": {
    "commander": {
      "version": "8.3.0",
      "resolved": "https://registry.npmjs.org/commander/-/commander-8.3.0.tgz",
      "integrity": "sha512-OkTL9umf+He2DZkUq8f8J9of7yL6RJKI24dVITBmNfZBmri9zYZQrKkuXiKhyfPSu8tUhnVBB1iKXevvnlR4Ww=="
    },
    "highlight.js": {
      "version": "11.5.1",
      "resolved": "https://registry.npmjs.org/highlight.js/-/highlight.js-11.5.1.tgz",
      "integrity": "sha512-LKzHqnxr4CrD2YsNoIf/o5nJ09j4yi/GcH5BnYz9UnVpZdS4ucMgvP61TDty5xJcFGRjnH4DpujkS9bHT3hq0Q=="
    },
    "html-generator": {
      "version": "git+ssh://git@github.com/adrian154/html-generator.git#5ead05b0b8e5b1e70a6da552146f8425216a2550",
      "from": "html-generator@github:adrian154/html-generator"
    },
    "katex": {
      "version": "0.15.3",
      "resolved": "https://registry.npmjs.org/katex/-/katex-0.15.3.tgz",
      "integrity": "sha512-Al6V7RJsmjklT9QItyHWGaQCt+NYTle1bZwB1e9MR/tLoIT1MXaHy9UpfGSB7eaqDgjjqqRxQOaQGrALCrEyBQ==",
      "requires": {
        "commander": "^8.0.0"
      }
    },
    "marked": {
      "version": "4.0.14",
      "resolved": "https://registry.npmjs.org/marked/-/marked-4.0.14.tgz",
      "integrity": "sha512-HL5sSPE/LP6U9qKgngIIPTthuxC0jrfxpYMZ3LdGDD3vTnLs59m2Z7r6+LNDR3ToqEQdkKd6YaaEfJhodJmijQ=="
    }
  }
}
