{
  "name": "blog",
  "version": "1.0.0",
  "lockfileVersion": 2,
  "requires": true,
  "packages": {
    "": {
      "version": "1.0.0",
      "license": "MIT",
      "dependencies": {
        "html-generator": "github:adrian154/html-generator"
      }
    },
    "node_modules/html-generator": {
      "version": "1.0.0",
      "resolved": "git+ssh://git@github.com/adrian154/html-generator.git#836621eff38a0d7128137587881b447b29747ad5",
      "license": "MIT"
    }
  },
  "dependencies": {
    "html-generator": {
      "version": "git+ssh://git@github.com/adrian154/html-generator.git#836621eff38a0d7128137587881b447b29747ad5",
      "from": "html-generator@https://github.com/adrian154/html-generator"
    }
  }
}
