{
  "name": "blog",
  "version": "1.0.0",
  "lockfileVersion": 2,
  "requires": true,
  "packages": {
    "": {
      "version": "1.0.0",
      "license": "MIT",
      "dependencies": {
        "highlight.js": "^11.3.1",
        "html-generator": "github:adrian154/html-generator",
        "katex": "^0.15.1",
        "marked": "^4.0.8"
      }
    },
    "node_modules/commander": {
      "version": "8.3.0",
      "resolved": "https://registry.npmjs.org/commander/-/commander-8.3.0.tgz",
      "integrity": "sha512-OkTL9umf+He2DZkUq8f8J9of7yL6RJKI24dVITBmNfZBmri9zYZQrKkuXiKhyfPSu8tUhnVBB1iKXevvnlR4Ww==",
      "engines": {
        "node": ">= 12"
      }
    },
    "node_modules/highlight.js": {
      "version": "11.3.1",
      "resolved": "https://registry.npmjs.org/highlight.js/-/highlight.js-11.3.1.tgz",
      "integrity": "sha512-PUhCRnPjLtiLHZAQ5A/Dt5F8cWZeMyj9KRsACsWT+OD6OP0x6dp5OmT5jdx0JgEyPxPZZIPQpRN2TciUT7occw==",
      "engines": {
        "node": ">=12.0.0"
      }
    },
    "node_modules/html-generator": {
      "version": "1.0.0",
      "resolved": "git+ssh://git@github.com/adrian154/html-generator.git#d0c0f81f188e3d6cfa3e55a8d1bae0cabf3d8d2e",
      "license": "MIT"
    },
    "node_modules/katex": {
      "version": "0.15.1",
      "resolved": "https://registry.npmjs.org/katex/-/katex-0.15.1.tgz",
      "integrity": "sha512-KIk+gizli0gl1XaJlCYS8/donGMbzXYTka6BbH3AgvDJTOwyDY4hJ+YmzJ1F0y/3XzX5B9ED8AqB2Hmn2AZ0uA==",
      "funding": [
        "https://opencollective.com/katex",
        "https://github.com/sponsors/katex"
      ],
      "dependencies": {
        "commander": "^8.0.0"
      },
      "bin": {
        "katex": "cli.js"
      }
    },
    "node_modules/marked": {
      "version": "4.0.8",
      "resolved": "https://registry.npmjs.org/marked/-/marked-4.0.8.tgz",
      "integrity": "sha512-dkpJMIlJpc833hbjjg8jraw1t51e/eKDoG8TFOgc5O0Z77zaYKigYekTDop5AplRoKFGIaoazhYEhGkMtU3IeA==",
      "bin": {
        "marked": "bin/marked.js"
      },
      "engines": {
        "node": ">= 12"
      }
    }
  },
  "dependencies": {
    "commander": {
      "version": "8.3.0",
      "resolved": "https://registry.npmjs.org/commander/-/commander-8.3.0.tgz",
      "integrity": "sha512-OkTL9umf+He2DZkUq8f8J9of7yL6RJKI24dVITBmNfZBmri9zYZQrKkuXiKhyfPSu8tUhnVBB1iKXevvnlR4Ww=="
    },
    "highlight.js": {
      "version": "11.3.1",
      "resolved": "https://registry.npmjs.org/highlight.js/-/highlight.js-11.3.1.tgz",
      "integrity": "sha512-PUhCRnPjLtiLHZAQ5A/Dt5F8cWZeMyj9KRsACsWT+OD6OP0x6dp5OmT5jdx0JgEyPxPZZIPQpRN2TciUT7occw=="
    },
    "html-generator": {
      "version": "git+ssh://git@github.com/adrian154/html-generator.git#d0c0f81f188e3d6cfa3e55a8d1bae0cabf3d8d2e",
      "from": "html-generator@github:adrian154/html-generator"
    },
    "katex": {
      "version": "0.15.1",
      "resolved": "https://registry.npmjs.org/katex/-/katex-0.15.1.tgz",
      "integrity": "sha512-KIk+gizli0gl1XaJlCYS8/donGMbzXYTka6BbH3AgvDJTOwyDY4hJ+YmzJ1F0y/3XzX5B9ED8AqB2Hmn2AZ0uA==",
      "requires": {
        "commander": "^8.0.0"
      }
    },
    "marked": {
      "version": "4.0.8",
      "resolved": "https://registry.npmjs.org/marked/-/marked-4.0.8.tgz",
      "integrity": "sha512-dkpJMIlJpc833hbjjg8jraw1t51e/eKDoG8TFOgc5O0Z77zaYKigYekTDop5AplRoKFGIaoazhYEhGkMtU3IeA=="
    }
  }
}
